// !$*UTF8*$!
{
	archiveVersion = 1;
	classes = {
	};
	objectVersion = 56;
	objects = {

/* Begin PBXBuildFile section */
		008C51DB2972F8F50046EF5B /* GymRecordsApp.swift in Sources */ = {isa = PBXBuildFile; fileRef = 008C51DA2972F8F50046EF5B /* GymRecordsApp.swift */; };
		008C51DD2972F8F50046EF5B /* ContentView.swift in Sources */ = {isa = PBXBuildFile; fileRef = 008C51DC2972F8F50046EF5B /* ContentView.swift */; };
		008C51DF2972F8F50046EF5B /* Assets.xcassets in Resources */ = {isa = PBXBuildFile; fileRef = 008C51DE2972F8F50046EF5B /* Assets.xcassets */; };
		008C51E22972F8F50046EF5B /* Preview Assets.xcassets in Resources */ = {isa = PBXBuildFile; fileRef = 008C51E12972F8F50046EF5B /* Preview Assets.xcassets */; };
		008C51E92972FB500046EF5B /* GymModel.swift in Sources */ = {isa = PBXBuildFile; fileRef = 008C51E82972FB500046EF5B /* GymModel.swift */; };
		008C51EE297304540046EF5B /* GymViewModel.swift in Sources */ = {isa = PBXBuildFile; fileRef = 008C51ED297304540046EF5B /* GymViewModel.swift */; };
		008C51F0297305660046EF5B /* GymDynamic.swift in Sources */ = {isa = PBXBuildFile; fileRef = 008C51EF297305660046EF5B /* GymDynamic.swift */; };
		3A05B9912A0FECF40063D055 /* AddSetPageView.swift in Sources */ = {isa = PBXBuildFile; fileRef = 3A05B9902A0FECF40063D055 /* AddSetPageView.swift */; };
		3A1B831F2996EC10006F959E /* CreateNewExercise.swift in Sources */ = {isa = PBXBuildFile; fileRef = 3A1B831E2996EC10006F959E /* CreateNewExercise.swift */; };
		3A1B8321299A4F8B006F959E /* CreateNewProgrammView.swift in Sources */ = {isa = PBXBuildFile; fileRef = 3A1B8320299A4F8B006F959E /* CreateNewProgrammView.swift */; };
		3A1B8323299A8BA4006F959E /* ButtonCreateExercise.swift in Sources */ = {isa = PBXBuildFile; fileRef = 3A1B8322299A8BA4006F959E /* ButtonCreateExercise.swift */; };
		3A1B8325299AAD38006F959E /* CreateExerciseAndSelectCategory.swift in Sources */ = {isa = PBXBuildFile; fileRef = 3A1B8324299AAD38006F959E /* CreateExerciseAndSelectCategory.swift */; };
		3A637A0C2A06A28B002B5857 /* DragGestureLineView.swift in Sources */ = {isa = PBXBuildFile; fileRef = 3A637A0B2A06A28B002B5857 /* DragGestureLineView.swift */; };
		3A637A0E2A0E6F6D002B5857 /* ContentViewExerciseFromTheListView.swift in Sources */ = {isa = PBXBuildFile; fileRef = 3A637A0D2A0E6F6D002B5857 /* ContentViewExerciseFromTheListView.swift */; };
		3A637A102A0E7BFB002B5857 /* AddSetsToExercise.swift in Sources */ = {isa = PBXBuildFile; fileRef = 3A637A0F2A0E7BFB002B5857 /* AddSetsToExercise.swift */; };
		3A8896B429B7579D00219446 /* CalendarModel.swift in Sources */ = {isa = PBXBuildFile; fileRef = 3A8896B329B7579D00219446 /* CalendarModel.swift */; };
		3A8896B829B7587200219446 /* MonthViewModel.swift in Sources */ = {isa = PBXBuildFile; fileRef = 3A8896B729B7587200219446 /* MonthViewModel.swift */; };
		3A8896BC29B7595E00219446 /* MonthLabelView.swift in Sources */ = {isa = PBXBuildFile; fileRef = 3A8896BB29B7595E00219446 /* MonthLabelView.swift */; };
		3A8896BF29B759B700219446 /* CalendarCellView.swift in Sources */ = {isa = PBXBuildFile; fileRef = 3A8896BE29B759B700219446 /* CalendarCellView.swift */; };
		3A8896C329B75B5300219446 /* CalendarView.swift in Sources */ = {isa = PBXBuildFile; fileRef = 3A8896C229B75B5300219446 /* CalendarView.swift */; };
		3A8896C529B75CDB00219446 /* DateHolderModel.swift in Sources */ = {isa = PBXBuildFile; fileRef = 3A8896C429B75CDB00219446 /* DateHolderModel.swift */; };
		3A8CE2F72A1393BA00CEE78F /* AddOrChangeSetView.swift in Sources */ = {isa = PBXBuildFile; fileRef = 3A8CE2F62A1393BA00CEE78F /* AddOrChangeSetView.swift */; };
		3A8CE2F92A1398E300CEE78F /* AddSetLittleView.swift in Sources */ = {isa = PBXBuildFile; fileRef = 3A8CE2F82A1398E300CEE78F /* AddSetLittleView.swift */; };
		3A8CE2FB2A139A0100CEE78F /* EnterSetAndRepsValueLittleView.swift in Sources */ = {isa = PBXBuildFile; fileRef = 3A8CE2FA2A139A0100CEE78F /* EnterSetAndRepsValueLittleView.swift */; };
		3A9E9A4229852F8200DAA547 /* AddProgramView.swift in Sources */ = {isa = PBXBuildFile; fileRef = 3A9E9A4129852F8200DAA547 /* AddProgramView.swift */; };
		3A9E9A4429897C7B00DAA547 /* ViewExerciseList.swift in Sources */ = {isa = PBXBuildFile; fileRef = 3A9E9A4329897C7B00DAA547 /* ViewExerciseList.swift */; };
		3A9E9A4629897E0100DAA547 /* ViewProgramsList.swift in Sources */ = {isa = PBXBuildFile; fileRef = 3A9E9A4529897E0100DAA547 /* ViewProgramsList.swift */; };
		3A9E9A48298A770600DAA547 /* ViewListSpecificExercises.swift in Sources */ = {isa = PBXBuildFile; fileRef = 3A9E9A47298A770600DAA547 /* ViewListSpecificExercises.swift */; };
		3A9E9A4E29951AF400DAA547 /* DataBaseView.swift in Sources */ = {isa = PBXBuildFile; fileRef = 3A9E9A4D29951AF400DAA547 /* DataBaseView.swift */; };
		3A9E9A5029951BF700DAA547 /* ExercisesAndProgramsListView.swift in Sources */ = {isa = PBXBuildFile; fileRef = 3A9E9A4F29951BF700DAA547 /* ExercisesAndProgramsListView.swift */; };
		3A9E9A5229952C9C00DAA547 /* DataBaseInfoTitle.swift in Sources */ = {isa = PBXBuildFile; fileRef = 3A9E9A5129952C9C00DAA547 /* DataBaseInfoTitle.swift */; };
		3A9E9A542995340300DAA547 /* ChangeExerciseNameOrDeleteView.swift in Sources */ = {isa = PBXBuildFile; fileRef = 3A9E9A532995340300DAA547 /* ChangeExerciseNameOrDeleteView.swift */; };
		3A9E9A5629964BD500DAA547 /* EditOrRemoveTheProgram.swift in Sources */ = {isa = PBXBuildFile; fileRef = 3A9E9A5529964BD500DAA547 /* EditOrRemoveTheProgram.swift */; };
		3A9E9A5829964F3000DAA547 /* ProgramItemListView.swift in Sources */ = {isa = PBXBuildFile; fileRef = 3A9E9A5729964F3000DAA547 /* ProgramItemListView.swift */; };
		3AB0A7F729ACC51E00E5E7BA /* SearchExerciseView.swift in Sources */ = {isa = PBXBuildFile; fileRef = 3AB0A7F629ACC51E00E5E7BA /* SearchExerciseView.swift */; };
		3AB0A7FA29B0B5DE00E5E7BA /* DateExtensions.swift in Sources */ = {isa = PBXBuildFile; fileRef = 3AB0A7F929B0B5DE00E5E7BA /* DateExtensions.swift */; };
		3AB0A80729B0C86A00E5E7BA /* GrowingButton.swift in Sources */ = {isa = PBXBuildFile; fileRef = 3AB0A80629B0C86A00E5E7BA /* GrowingButton.swift */; };
		3AB0A80929B0CAC800E5E7BA /* CalendarExtension.swift in Sources */ = {isa = PBXBuildFile; fileRef = 3AB0A80829B0CAC800E5E7BA /* CalendarExtension.swift */; };
		3AC5F6F72A14F02A007339D7 /* EnterOrChangeOneCertainView.swift in Sources */ = {isa = PBXBuildFile; fileRef = 3AC5F6F62A14F02A007339D7 /* EnterOrChangeOneCertainView.swift */; };
		3ACB31702A0E8C65003C4FC2 /* AddNewSetsMainView.swift in Sources */ = {isa = PBXBuildFile; fileRef = 3ACB316F2A0E8C65003C4FC2 /* AddNewSetsMainView.swift */; };
		3ACB31722A0FD08E003C4FC2 /* ViewOffsetExtension.swift in Sources */ = {isa = PBXBuildFile; fileRef = 3ACB31712A0FD08E003C4FC2 /* ViewOffsetExtension.swift */; };
		3ACB31AF2A0FE719003C4FC2 /* LegacyCod.swift in Sources */ = {isa = PBXBuildFile; fileRef = 3ACB31AE2A0FE719003C4FC2 /* LegacyCod.swift */; };
/* End PBXBuildFile section */

/* Begin PBXFileReference section */
		008C51D72972F8F50046EF5B /* GymRecords.app */ = {isa = PBXFileReference; explicitFileType = wrapper.application; includeInIndex = 0; path = GymRecords.app; sourceTree = BUILT_PRODUCTS_DIR; };
		008C51DA2972F8F50046EF5B /* GymRecordsApp.swift */ = {isa = PBXFileReference; lastKnownFileType = sourcecode.swift; path = GymRecordsApp.swift; sourceTree = "<group>"; };
		008C51DC2972F8F50046EF5B /* ContentView.swift */ = {isa = PBXFileReference; lastKnownFileType = sourcecode.swift; path = ContentView.swift; sourceTree = "<group>"; };
		008C51DE2972F8F50046EF5B /* Assets.xcassets */ = {isa = PBXFileReference; lastKnownFileType = folder.assetcatalog; path = Assets.xcassets; sourceTree = "<group>"; };
		008C51E12972F8F50046EF5B /* Preview Assets.xcassets */ = {isa = PBXFileReference; lastKnownFileType = folder.assetcatalog; path = "Preview Assets.xcassets"; sourceTree = "<group>"; };
		008C51E82972FB500046EF5B /* GymModel.swift */ = {isa = PBXFileReference; lastKnownFileType = sourcecode.swift; path = GymModel.swift; sourceTree = "<group>"; };
		008C51ED297304540046EF5B /* GymViewModel.swift */ = {isa = PBXFileReference; lastKnownFileType = sourcecode.swift; path = GymViewModel.swift; sourceTree = "<group>"; };
		008C51EF297305660046EF5B /* GymDynamic.swift */ = {isa = PBXFileReference; lastKnownFileType = sourcecode.swift; path = GymDynamic.swift; sourceTree = "<group>"; };
		3A05B9902A0FECF40063D055 /* AddSetPageView.swift */ = {isa = PBXFileReference; lastKnownFileType = sourcecode.swift; path = AddSetPageView.swift; sourceTree = "<group>"; };
		3A1B831E2996EC10006F959E /* CreateNewExercise.swift */ = {isa = PBXFileReference; lastKnownFileType = sourcecode.swift; path = CreateNewExercise.swift; sourceTree = "<group>"; };
		3A1B8320299A4F8B006F959E /* CreateNewProgrammView.swift */ = {isa = PBXFileReference; lastKnownFileType = sourcecode.swift; path = CreateNewProgrammView.swift; sourceTree = "<group>"; };
		3A1B8322299A8BA4006F959E /* ButtonCreateExercise.swift */ = {isa = PBXFileReference; lastKnownFileType = sourcecode.swift; path = ButtonCreateExercise.swift; sourceTree = "<group>"; };
		3A1B8324299AAD38006F959E /* CreateExerciseAndSelectCategory.swift */ = {isa = PBXFileReference; lastKnownFileType = sourcecode.swift; path = CreateExerciseAndSelectCategory.swift; sourceTree = "<group>"; };
		3A637A0B2A06A28B002B5857 /* DragGestureLineView.swift */ = {isa = PBXFileReference; lastKnownFileType = sourcecode.swift; path = DragGestureLineView.swift; sourceTree = "<group>"; };
		3A637A0D2A0E6F6D002B5857 /* ContentViewExerciseFromTheListView.swift */ = {isa = PBXFileReference; lastKnownFileType = sourcecode.swift; path = ContentViewExerciseFromTheListView.swift; sourceTree = "<group>"; };
		3A637A0F2A0E7BFB002B5857 /* AddSetsToExercise.swift */ = {isa = PBXFileReference; lastKnownFileType = sourcecode.swift; path = AddSetsToExercise.swift; sourceTree = "<group>"; };
		3A8896B329B7579D00219446 /* CalendarModel.swift */ = {isa = PBXFileReference; lastKnownFileType = sourcecode.swift; path = CalendarModel.swift; sourceTree = "<group>"; };
		3A8896B729B7587200219446 /* MonthViewModel.swift */ = {isa = PBXFileReference; lastKnownFileType = sourcecode.swift; path = MonthViewModel.swift; sourceTree = "<group>"; };
		3A8896BB29B7595E00219446 /* MonthLabelView.swift */ = {isa = PBXFileReference; lastKnownFileType = sourcecode.swift; path = MonthLabelView.swift; sourceTree = "<group>"; };
		3A8896BE29B759B700219446 /* CalendarCellView.swift */ = {isa = PBXFileReference; lastKnownFileType = sourcecode.swift; path = CalendarCellView.swift; sourceTree = "<group>"; };
		3A8896C229B75B5300219446 /* CalendarView.swift */ = {isa = PBXFileReference; lastKnownFileType = sourcecode.swift; path = CalendarView.swift; sourceTree = "<group>"; };
		3A8896C429B75CDB00219446 /* DateHolderModel.swift */ = {isa = PBXFileReference; lastKnownFileType = sourcecode.swift; path = DateHolderModel.swift; sourceTree = "<group>"; };
		3A8CE2F62A1393BA00CEE78F /* AddOrChangeSetView.swift */ = {isa = PBXFileReference; lastKnownFileType = sourcecode.swift; path = AddOrChangeSetView.swift; sourceTree = "<group>"; };
		3A8CE2F82A1398E300CEE78F /* AddSetLittleView.swift */ = {isa = PBXFileReference; lastKnownFileType = sourcecode.swift; path = AddSetLittleView.swift; sourceTree = "<group>"; };
		3A8CE2FA2A139A0100CEE78F /* EnterSetAndRepsValueLittleView.swift */ = {isa = PBXFileReference; lastKnownFileType = sourcecode.swift; path = EnterSetAndRepsValueLittleView.swift; sourceTree = "<group>"; };
		3A9E9A4029845EDC00DAA547 /* Info.plist */ = {isa = PBXFileReference; lastKnownFileType = text.plist; path = Info.plist; sourceTree = "<group>"; };
		3A9E9A4129852F8200DAA547 /* AddProgramView.swift */ = {isa = PBXFileReference; lastKnownFileType = sourcecode.swift; path = AddProgramView.swift; sourceTree = "<group>"; };
		3A9E9A4329897C7B00DAA547 /* ViewExerciseList.swift */ = {isa = PBXFileReference; lastKnownFileType = sourcecode.swift; path = ViewExerciseList.swift; sourceTree = "<group>"; };
		3A9E9A4529897E0100DAA547 /* ViewProgramsList.swift */ = {isa = PBXFileReference; lastKnownFileType = sourcecode.swift; path = ViewProgramsList.swift; sourceTree = "<group>"; };
		3A9E9A47298A770600DAA547 /* ViewListSpecificExercises.swift */ = {isa = PBXFileReference; lastKnownFileType = sourcecode.swift; path = ViewListSpecificExercises.swift; sourceTree = "<group>"; };
		3A9E9A4D29951AF400DAA547 /* DataBaseView.swift */ = {isa = PBXFileReference; lastKnownFileType = sourcecode.swift; path = DataBaseView.swift; sourceTree = "<group>"; };
		3A9E9A4F29951BF700DAA547 /* ExercisesAndProgramsListView.swift */ = {isa = PBXFileReference; lastKnownFileType = sourcecode.swift; path = ExercisesAndProgramsListView.swift; sourceTree = "<group>"; };
		3A9E9A5129952C9C00DAA547 /* DataBaseInfoTitle.swift */ = {isa = PBXFileReference; lastKnownFileType = sourcecode.swift; path = DataBaseInfoTitle.swift; sourceTree = "<group>"; };
		3A9E9A532995340300DAA547 /* ChangeExerciseNameOrDeleteView.swift */ = {isa = PBXFileReference; lastKnownFileType = sourcecode.swift; path = ChangeExerciseNameOrDeleteView.swift; sourceTree = "<group>"; };
		3A9E9A5529964BD500DAA547 /* EditOrRemoveTheProgram.swift */ = {isa = PBXFileReference; lastKnownFileType = sourcecode.swift; path = EditOrRemoveTheProgram.swift; sourceTree = "<group>"; };
		3A9E9A5729964F3000DAA547 /* ProgramItemListView.swift */ = {isa = PBXFileReference; lastKnownFileType = sourcecode.swift; path = ProgramItemListView.swift; sourceTree = "<group>"; };
		3AB0A7F629ACC51E00E5E7BA /* SearchExerciseView.swift */ = {isa = PBXFileReference; lastKnownFileType = sourcecode.swift; path = SearchExerciseView.swift; sourceTree = "<group>"; };
		3AB0A7F929B0B5DE00E5E7BA /* DateExtensions.swift */ = {isa = PBXFileReference; lastKnownFileType = sourcecode.swift; path = DateExtensions.swift; sourceTree = "<group>"; };
		3AB0A80629B0C86A00E5E7BA /* GrowingButton.swift */ = {isa = PBXFileReference; lastKnownFileType = sourcecode.swift; path = GrowingButton.swift; sourceTree = "<group>"; };
		3AB0A80829B0CAC800E5E7BA /* CalendarExtension.swift */ = {isa = PBXFileReference; lastKnownFileType = sourcecode.swift; path = CalendarExtension.swift; sourceTree = "<group>"; };
		3AC5F6F62A14F02A007339D7 /* EnterOrChangeOneCertainView.swift */ = {isa = PBXFileReference; lastKnownFileType = sourcecode.swift; path = EnterOrChangeOneCertainView.swift; sourceTree = "<group>"; };
		3ACB316F2A0E8C65003C4FC2 /* AddNewSetsMainView.swift */ = {isa = PBXFileReference; lastKnownFileType = sourcecode.swift; path = AddNewSetsMainView.swift; sourceTree = "<group>"; };
		3ACB31712A0FD08E003C4FC2 /* ViewOffsetExtension.swift */ = {isa = PBXFileReference; lastKnownFileType = sourcecode.swift; path = ViewOffsetExtension.swift; sourceTree = "<group>"; };
		3ACB31AE2A0FE719003C4FC2 /* LegacyCod.swift */ = {isa = PBXFileReference; lastKnownFileType = sourcecode.swift; path = LegacyCod.swift; sourceTree = "<group>"; };
/* End PBXFileReference section */

/* Begin PBXFrameworksBuildPhase section */
		008C51D42972F8F50046EF5B /* Frameworks */ = {
			isa = PBXFrameworksBuildPhase;
			buildActionMask = 2147483647;
			files = (
			);
			runOnlyForDeploymentPostprocessing = 0;
		};
/* End PBXFrameworksBuildPhase section */

/* Begin PBXGroup section */
		008C51CE2972F8F40046EF5B = {
			isa = PBXGroup;
			children = (
				008C51D92972F8F50046EF5B /* GymRecords */,
				008C51D82972F8F50046EF5B /* Products */,
			);
			sourceTree = "<group>";
		};
		008C51D82972F8F50046EF5B /* Products */ = {
			isa = PBXGroup;
			children = (
				008C51D72972F8F50046EF5B /* GymRecords.app */,
			);
			name = Products;
			sourceTree = "<group>";
		};
		008C51D92972F8F50046EF5B /* GymRecords */ = {
			isa = PBXGroup;
			children = (
				3AB0A7F829B0B5BC00E5E7BA /* Extensions */,
				3A9E9A4029845EDC00DAA547 /* Info.plist */,
				008C51EC2972FE4C0046EF5B /* ViewModels */,
				008C51EB2972FE430046EF5B /* Views */,
				008C51EA2972FE1B0046EF5B /* Models */,
				008C51DA2972F8F50046EF5B /* GymRecordsApp.swift */,
				008C51DE2972F8F50046EF5B /* Assets.xcassets */,
				008C51E02972F8F50046EF5B /* Preview Content */,
				3ACB31AE2A0FE719003C4FC2 /* LegacyCod.swift */,
			);
			path = GymRecords;
			sourceTree = "<group>";
		};
		008C51E02972F8F50046EF5B /* Preview Content */ = {
			isa = PBXGroup;
			children = (
				008C51E12972F8F50046EF5B /* Preview Assets.xcassets */,
			);
			path = "Preview Content";
			sourceTree = "<group>";
		};
		008C51EA2972FE1B0046EF5B /* Models */ = {
			isa = PBXGroup;
			children = (
				3A8896C129B759E600219446 /* CalendarModel */,
				008C51E82972FB500046EF5B /* GymModel.swift */,
			);
			path = Models;
			sourceTree = "<group>";
		};
		008C51EB2972FE430046EF5B /* Views */ = {
			isa = PBXGroup;
			children = (
				3A8896BD29B759AA00219446 /* CalendarViews */,
				3AB0A80529B0C85900E5E7BA /* StyleViews */,
				008C51DC2972F8F50046EF5B /* ContentView.swift */,
				3A05B9902A0FECF40063D055 /* AddSetPageView.swift */,
				3AC5F6F62A14F02A007339D7 /* EnterOrChangeOneCertainView.swift */,
				3A8CE2F62A1393BA00CEE78F /* AddOrChangeSetView.swift */,
				3ACB316F2A0E8C65003C4FC2 /* AddNewSetsMainView.swift */,
				3A637A0D2A0E6F6D002B5857 /* ContentViewExerciseFromTheListView.swift */,
				3A637A0F2A0E7BFB002B5857 /* AddSetsToExercise.swift */,
				3A9E9A4129852F8200DAA547 /* AddProgramView.swift */,
				3A9E9A4D29951AF400DAA547 /* DataBaseView.swift */,
				3A9E9A4F29951BF700DAA547 /* ExercisesAndProgramsListView.swift */,
				3AB0A7F629ACC51E00E5E7BA /* SearchExerciseView.swift */,
				3A9E9A4329897C7B00DAA547 /* ViewExerciseList.swift */,
				3A1B8324299AAD38006F959E /* CreateExerciseAndSelectCategory.swift */,
				3A9E9A4529897E0100DAA547 /* ViewProgramsList.swift */,
				3A1B8320299A4F8B006F959E /* CreateNewProgrammView.swift */,
				3A9E9A5729964F3000DAA547 /* ProgramItemListView.swift */,
				3A9E9A5529964BD500DAA547 /* EditOrRemoveTheProgram.swift */,
				3A9E9A47298A770600DAA547 /* ViewListSpecificExercises.swift */,
				3A1B8322299A8BA4006F959E /* ButtonCreateExercise.swift */,
				3A9E9A532995340300DAA547 /* ChangeExerciseNameOrDeleteView.swift */,
				3A1B831E2996EC10006F959E /* CreateNewExercise.swift */,
				3A9E9A5129952C9C00DAA547 /* DataBaseInfoTitle.swift */,
			);
			path = Views;
			sourceTree = "<group>";
		};
		008C51EC2972FE4C0046EF5B /* ViewModels */ = {
			isa = PBXGroup;
			children = (
				3A8896C029B759D800219446 /* CalendarViewModels */,
				008C51F12973063A0046EF5B /* Bindings */,
				008C51ED297304540046EF5B /* GymViewModel.swift */,
			);
			path = ViewModels;
			sourceTree = "<group>";
		};
		008C51F12973063A0046EF5B /* Bindings */ = {
			isa = PBXGroup;
			children = (
				008C51EF297305660046EF5B /* GymDynamic.swift */,
			);
			path = Bindings;
			sourceTree = "<group>";
		};
		3A8896BD29B759AA00219446 /* CalendarViews */ = {
			isa = PBXGroup;
			children = (
				3A8896BE29B759B700219446 /* CalendarCellView.swift */,
				3A8896BB29B7595E00219446 /* MonthLabelView.swift */,
				3A8896C229B75B5300219446 /* CalendarView.swift */,
			);
			path = CalendarViews;
			sourceTree = "<group>";
		};
		3A8896C029B759D800219446 /* CalendarViewModels */ = {
			isa = PBXGroup;
			children = (
				3A8896B729B7587200219446 /* MonthViewModel.swift */,
			);
			path = CalendarViewModels;
			sourceTree = "<group>";
		};
		3A8896C129B759E600219446 /* CalendarModel */ = {
			isa = PBXGroup;
			children = (
				3A8896B329B7579D00219446 /* CalendarModel.swift */,
				3A8896C429B75CDB00219446 /* DateHolderModel.swift */,
			);
			path = CalendarModel;
			sourceTree = "<group>";
		};
		3AB0A7F829B0B5BC00E5E7BA /* Extensions */ = {
			isa = PBXGroup;
			children = (
				3AB0A7F929B0B5DE00E5E7BA /* DateExtensions.swift */,
				3AB0A80829B0CAC800E5E7BA /* CalendarExtension.swift */,
				3ACB31712A0FD08E003C4FC2 /* ViewOffsetExtension.swift */,
			);
			path = Extensions;
			sourceTree = "<group>";
		};
		3AB0A80529B0C85900E5E7BA /* StyleViews */ = {
			isa = PBXGroup;
			children = (
				3AB0A80629B0C86A00E5E7BA /* GrowingButton.swift */,
				3A8CE2F82A1398E300CEE78F /* AddSetLittleView.swift */,
				3A8CE2FA2A139A0100CEE78F /* EnterSetAndRepsValueLittleView.swift */,
				3A637A0B2A06A28B002B5857 /* DragGestureLineView.swift */,
			);
			path = StyleViews;
			sourceTree = "<group>";
		};
/* End PBXGroup section */

/* Begin PBXNativeTarget section */
		008C51D62972F8F50046EF5B /* GymRecords */ = {
			isa = PBXNativeTarget;
			buildConfigurationList = 008C51E52972F8F50046EF5B /* Build configuration list for PBXNativeTarget "GymRecords" */;
			buildPhases = (
				008C51D32972F8F50046EF5B /* Sources */,
				008C51D42972F8F50046EF5B /* Frameworks */,
				008C51D52972F8F50046EF5B /* Resources */,
			);
			buildRules = (
			);
			dependencies = (
			);
			name = GymRecords;
			productName = GymRecords;
			productReference = 008C51D72972F8F50046EF5B /* GymRecords.app */;
			productType = "com.apple.product-type.application";
		};
/* End PBXNativeTarget section */

/* Begin PBXProject section */
		008C51CF2972F8F40046EF5B /* Project object */ = {
			isa = PBXProject;
			attributes = {
				BuildIndependentTargetsInParallel = 1;
				LastSwiftUpdateCheck = 1420;
				LastUpgradeCheck = 1420;
				TargetAttributes = {
					008C51D62972F8F50046EF5B = {
						CreatedOnToolsVersion = 14.2;
					};
				};
			};
			buildConfigurationList = 008C51D22972F8F40046EF5B /* Build configuration list for PBXProject "GymRecords" */;
			compatibilityVersion = "Xcode 14.0";
			developmentRegion = en;
			hasScannedForEncodings = 0;
			knownRegions = (
				en,
				Base,
			);
			mainGroup = 008C51CE2972F8F40046EF5B;
			productRefGroup = 008C51D82972F8F50046EF5B /* Products */;
			projectDirPath = "";
			projectRoot = "";
			targets = (
				008C51D62972F8F50046EF5B /* GymRecords */,
			);
		};
/* End PBXProject section */

/* Begin PBXResourcesBuildPhase section */
		008C51D52972F8F50046EF5B /* Resources */ = {
			isa = PBXResourcesBuildPhase;
			buildActionMask = 2147483647;
			files = (
				008C51E22972F8F50046EF5B /* Preview Assets.xcassets in Resources */,
				008C51DF2972F8F50046EF5B /* Assets.xcassets in Resources */,
			);
			runOnlyForDeploymentPostprocessing = 0;
		};
/* End PBXResourcesBuildPhase section */

/* Begin PBXSourcesBuildPhase section */
		008C51D32972F8F50046EF5B /* Sources */ = {
			isa = PBXSourcesBuildPhase;
			buildActionMask = 2147483647;
			files = (
				3A8896BC29B7595E00219446 /* MonthLabelView.swift in Sources */,
				3A9E9A4629897E0100DAA547 /* ViewProgramsList.swift in Sources */,
				3A8896B429B7579D00219446 /* CalendarModel.swift in Sources */,
				3ACB31722A0FD08E003C4FC2 /* ViewOffsetExtension.swift in Sources */,
				3A9E9A4429897C7B00DAA547 /* ViewExerciseList.swift in Sources */,
				3A1B8323299A8BA4006F959E /* ButtonCreateExercise.swift in Sources */,
				3A8896C529B75CDB00219446 /* DateHolderModel.swift in Sources */,
				3A8896B829B7587200219446 /* MonthViewModel.swift in Sources */,
				008C51E92972FB500046EF5B /* GymModel.swift in Sources */,
				3AB0A7FA29B0B5DE00E5E7BA /* DateExtensions.swift in Sources */,
				3A8896BF29B759B700219446 /* CalendarCellView.swift in Sources */,
				3A9E9A5229952C9C00DAA547 /* DataBaseInfoTitle.swift in Sources */,
				008C51F0297305660046EF5B /* GymDynamic.swift in Sources */,
				3A9E9A5829964F3000DAA547 /* ProgramItemListView.swift in Sources */,
				3AB0A80929B0CAC800E5E7BA /* CalendarExtension.swift in Sources */,
				3A9E9A5029951BF700DAA547 /* ExercisesAndProgramsListView.swift in Sources */,
				3A1B831F2996EC10006F959E /* CreateNewExercise.swift in Sources */,
				3A9E9A4E29951AF400DAA547 /* DataBaseView.swift in Sources */,
				3A8CE2FB2A139A0100CEE78F /* EnterSetAndRepsValueLittleView.swift in Sources */,
				3ACB31AF2A0FE719003C4FC2 /* LegacyCod.swift in Sources */,
				3AC5F6F72A14F02A007339D7 /* EnterOrChangeOneCertainView.swift in Sources */,
				3AB0A7F729ACC51E00E5E7BA /* SearchExerciseView.swift in Sources */,
				3A05B9912A0FECF40063D055 /* AddSetPageView.swift in Sources */,
				3A8CE2F92A1398E300CEE78F /* AddSetLittleView.swift in Sources */,
				3A637A0E2A0E6F6D002B5857 /* ContentViewExerciseFromTheListView.swift in Sources */,
				3A9E9A4229852F8200DAA547 /* AddProgramView.swift in Sources */,
				3A8CE2F72A1393BA00CEE78F /* AddOrChangeSetView.swift in Sources */,
				008C51DD2972F8F50046EF5B /* ContentView.swift in Sources */,
				3A637A102A0E7BFB002B5857 /* AddSetsToExercise.swift in Sources */,
				3A8896C329B75B5300219446 /* CalendarView.swift in Sources */,
				008C51EE297304540046EF5B /* GymViewModel.swift in Sources */,
				3A9E9A5629964BD500DAA547 /* EditOrRemoveTheProgram.swift in Sources */,
				008C51DB2972F8F50046EF5B /* GymRecordsApp.swift in Sources */,
				3A637A0C2A06A28B002B5857 /* DragGestureLineView.swift in Sources */,
				3A1B8321299A4F8B006F959E /* CreateNewProgrammView.swift in Sources */,
				3A9E9A542995340300DAA547 /* ChangeExerciseNameOrDeleteView.swift in Sources */,
				3A1B8325299AAD38006F959E /* CreateExerciseAndSelectCategory.swift in Sources */,
				3A9E9A48298A770600DAA547 /* ViewListSpecificExercises.swift in Sources */,
				3AB0A80729B0C86A00E5E7BA /* GrowingButton.swift in Sources */,
				3ACB31702A0E8C65003C4FC2 /* AddNewSetsMainView.swift in Sources */,
			);
			runOnlyForDeploymentPostprocessing = 0;
		};
/* End PBXSourcesBuildPhase section */

/* Begin XCBuildConfiguration section */
		008C51E32972F8F50046EF5B /* Debug */ = {
			isa = XCBuildConfiguration;
			buildSettings = {
				ALWAYS_SEARCH_USER_PATHS = NO;
				CLANG_ANALYZER_NONNULL = YES;
				CLANG_ANALYZER_NUMBER_OBJECT_CONVERSION = YES_AGGRESSIVE;
				CLANG_CXX_LANGUAGE_STANDARD = "gnu++20";
				CLANG_ENABLE_MODULES = YES;
				CLANG_ENABLE_OBJC_ARC = YES;
				CLANG_ENABLE_OBJC_WEAK = YES;
				CLANG_WARN_BLOCK_CAPTURE_AUTORELEASING = YES;
				CLANG_WARN_BOOL_CONVERSION = YES;
				CLANG_WARN_COMMA = YES;
				CLANG_WARN_CONSTANT_CONVERSION = YES;
				CLANG_WARN_DEPRECATED_OBJC_IMPLEMENTATIONS = YES;
				CLANG_WARN_DIRECT_OBJC_ISA_USAGE = YES_ERROR;
				CLANG_WARN_DOCUMENTATION_COMMENTS = YES;
				CLANG_WARN_EMPTY_BODY = YES;
				CLANG_WARN_ENUM_CONVERSION = YES;
				CLANG_WARN_INFINITE_RECURSION = YES;
				CLANG_WARN_INT_CONVERSION = YES;
				CLANG_WARN_NON_LITERAL_NULL_CONVERSION = YES;
				CLANG_WARN_OBJC_IMPLICIT_RETAIN_SELF = YES;
				CLANG_WARN_OBJC_LITERAL_CONVERSION = YES;
				CLANG_WARN_OBJC_ROOT_CLASS = YES_ERROR;
				CLANG_WARN_QUOTED_INCLUDE_IN_FRAMEWORK_HEADER = YES;
				CLANG_WARN_RANGE_LOOP_ANALYSIS = YES;
				CLANG_WARN_STRICT_PROTOTYPES = YES;
				CLANG_WARN_SUSPICIOUS_MOVE = YES;
				CLANG_WARN_UNGUARDED_AVAILABILITY = YES_AGGRESSIVE;
				CLANG_WARN_UNREACHABLE_CODE = YES;
				CLANG_WARN__DUPLICATE_METHOD_MATCH = YES;
				COPY_PHASE_STRIP = NO;
				DEBUG_INFORMATION_FORMAT = dwarf;
				ENABLE_STRICT_OBJC_MSGSEND = YES;
				ENABLE_TESTABILITY = YES;
				GCC_C_LANGUAGE_STANDARD = gnu11;
				GCC_DYNAMIC_NO_PIC = NO;
				GCC_NO_COMMON_BLOCKS = YES;
				GCC_OPTIMIZATION_LEVEL = 0;
				GCC_PREPROCESSOR_DEFINITIONS = (
					"DEBUG=1",
					"$(inherited)",
				);
				GCC_WARN_64_TO_32_BIT_CONVERSION = YES;
				GCC_WARN_ABOUT_RETURN_TYPE = YES_ERROR;
				GCC_WARN_UNDECLARED_SELECTOR = YES;
				GCC_WARN_UNINITIALIZED_AUTOS = YES_AGGRESSIVE;
				GCC_WARN_UNUSED_FUNCTION = YES;
				GCC_WARN_UNUSED_VARIABLE = YES;
				IPHONEOS_DEPLOYMENT_TARGET = 16.2;
				MTL_ENABLE_DEBUG_INFO = INCLUDE_SOURCE;
				MTL_FAST_MATH = YES;
				ONLY_ACTIVE_ARCH = YES;
				SDKROOT = iphoneos;
				SWIFT_ACTIVE_COMPILATION_CONDITIONS = DEBUG;
				SWIFT_OPTIMIZATION_LEVEL = "-Onone";
			};
			name = Debug;
		};
		008C51E42972F8F50046EF5B /* Release */ = {
			isa = XCBuildConfiguration;
			buildSettings = {
				ALWAYS_SEARCH_USER_PATHS = NO;
				CLANG_ANALYZER_NONNULL = YES;
				CLANG_ANALYZER_NUMBER_OBJECT_CONVERSION = YES_AGGRESSIVE;
				CLANG_CXX_LANGUAGE_STANDARD = "gnu++20";
				CLANG_ENABLE_MODULES = YES;
				CLANG_ENABLE_OBJC_ARC = YES;
				CLANG_ENABLE_OBJC_WEAK = YES;
				CLANG_WARN_BLOCK_CAPTURE_AUTORELEASING = YES;
				CLANG_WARN_BOOL_CONVERSION = YES;
				CLANG_WARN_COMMA = YES;
				CLANG_WARN_CONSTANT_CONVERSION = YES;
				CLANG_WARN_DEPRECATED_OBJC_IMPLEMENTATIONS = YES;
				CLANG_WARN_DIRECT_OBJC_ISA_USAGE = YES_ERROR;
				CLANG_WARN_DOCUMENTATION_COMMENTS = YES;
				CLANG_WARN_EMPTY_BODY = YES;
				CLANG_WARN_ENUM_CONVERSION = YES;
				CLANG_WARN_INFINITE_RECURSION = YES;
				CLANG_WARN_INT_CONVERSION = YES;
				CLANG_WARN_NON_LITERAL_NULL_CONVERSION = YES;
				CLANG_WARN_OBJC_IMPLICIT_RETAIN_SELF = YES;
				CLANG_WARN_OBJC_LITERAL_CONVERSION = YES;
				CLANG_WARN_OBJC_ROOT_CLASS = YES_ERROR;
				CLANG_WARN_QUOTED_INCLUDE_IN_FRAMEWORK_HEADER = YES;
				CLANG_WARN_RANGE_LOOP_ANALYSIS = YES;
				CLANG_WARN_STRICT_PROTOTYPES = YES;
				CLANG_WARN_SUSPICIOUS_MOVE = YES;
				CLANG_WARN_UNGUARDED_AVAILABILITY = YES_AGGRESSIVE;
				CLANG_WARN_UNREACHABLE_CODE = YES;
				CLANG_WARN__DUPLICATE_METHOD_MATCH = YES;
				COPY_PHASE_STRIP = NO;
				DEBUG_INFORMATION_FORMAT = "dwarf-with-dsym";
				ENABLE_NS_ASSERTIONS = NO;
				ENABLE_STRICT_OBJC_MSGSEND = YES;
				GCC_C_LANGUAGE_STANDARD = gnu11;
				GCC_NO_COMMON_BLOCKS = YES;
				GCC_WARN_64_TO_32_BIT_CONVERSION = YES;
				GCC_WARN_ABOUT_RETURN_TYPE = YES_ERROR;
				GCC_WARN_UNDECLARED_SELECTOR = YES;
				GCC_WARN_UNINITIALIZED_AUTOS = YES_AGGRESSIVE;
				GCC_WARN_UNUSED_FUNCTION = YES;
				GCC_WARN_UNUSED_VARIABLE = YES;
				IPHONEOS_DEPLOYMENT_TARGET = 16.2;
				MTL_ENABLE_DEBUG_INFO = NO;
				MTL_FAST_MATH = YES;
				SDKROOT = iphoneos;
				SWIFT_COMPILATION_MODE = wholemodule;
				SWIFT_OPTIMIZATION_LEVEL = "-O";
				VALIDATE_PRODUCT = YES;
			};
			name = Release;
		};
		008C51E62972F8F50046EF5B /* Debug */ = {
			isa = XCBuildConfiguration;
			buildSettings = {
				ASSETCATALOG_COMPILER_APPICON_NAME = AppIcon;
				ASSETCATALOG_COMPILER_GLOBAL_ACCENT_COLOR_NAME = AccentColor;
				CODE_SIGN_STYLE = Automatic;
				CURRENT_PROJECT_VERSION = 1;
				DEVELOPMENT_ASSET_PATHS = "\"GymRecords/Preview Content\"";
				DEVELOPMENT_TEAM = SDMT9LXGTV;
				ENABLE_PREVIEWS = YES;
				GENERATE_INFOPLIST_FILE = YES;
				INFOPLIST_FILE = GymRecords/Info.plist;
				INFOPLIST_KEY_LSApplicationCategoryType = "";
				INFOPLIST_KEY_UIApplicationSupportsIndirectInputEvents = YES;
				INFOPLIST_KEY_UILaunchScreen_Generation = YES;
				INFOPLIST_KEY_UISupportedInterfaceOrientations_iPad = "UIInterfaceOrientationPortrait UIInterfaceOrientationPortraitUpsideDown UIInterfaceOrientationLandscapeLeft UIInterfaceOrientationLandscapeRight";
				INFOPLIST_KEY_UISupportedInterfaceOrientations_iPhone = "UIInterfaceOrientationPortrait UIInterfaceOrientationLandscapeLeft UIInterfaceOrientationLandscapeRight";
				LD_RUNPATH_SEARCH_PATHS = (
					"$(inherited)",
					"@executable_path/Frameworks",
				);
				MARKETING_VERSION = 1.0;
				PRODUCT_BUNDLE_IDENTIFIER = "dazzle.marks-gmail.com.GymRecords";
				PRODUCT_NAME = "$(TARGET_NAME)";
				SWIFT_EMIT_LOC_STRINGS = YES;
				SWIFT_VERSION = 5.0;
				TARGETED_DEVICE_FAMILY = "1,2";
			};
			name = Debug;
		};
		008C51E72972F8F50046EF5B /* Release */ = {
			isa = XCBuildConfiguration;
			buildSettings = {
				ASSETCATALOG_COMPILER_APPICON_NAME = AppIcon;
				ASSETCATALOG_COMPILER_GLOBAL_ACCENT_COLOR_NAME = AccentColor;
				CODE_SIGN_STYLE = Automatic;
				CURRENT_PROJECT_VERSION = 1;
				DEVELOPMENT_ASSET_PATHS = "\"GymRecords/Preview Content\"";
				DEVELOPMENT_TEAM = SDMT9LXGTV;
				ENABLE_PREVIEWS = YES;
				GENERATE_INFOPLIST_FILE = YES;
				INFOPLIST_FILE = GymRecords/Info.plist;
				INFOPLIST_KEY_LSApplicationCategoryType = "";
				INFOPLIST_KEY_UIApplicationSupportsIndirectInputEvents = YES;
				INFOPLIST_KEY_UILaunchScreen_Generation = YES;
				INFOPLIST_KEY_UISupportedInterfaceOrientations_iPad = "UIInterfaceOrientationPortrait UIInterfaceOrientationPortraitUpsideDown UIInterfaceOrientationLandscapeLeft UIInterfaceOrientationLandscapeRight";
				INFOPLIST_KEY_UISupportedInterfaceOrientations_iPhone = "UIInterfaceOrientationPortrait UIInterfaceOrientationLandscapeLeft UIInterfaceOrientationLandscapeRight";
				LD_RUNPATH_SEARCH_PATHS = (
					"$(inherited)",
					"@executable_path/Frameworks",
				);
				MARKETING_VERSION = 1.0;
				PRODUCT_BUNDLE_IDENTIFIER = "dazzle.marks-gmail.com.GymRecords";
				PRODUCT_NAME = "$(TARGET_NAME)";
				SWIFT_EMIT_LOC_STRINGS = YES;
				SWIFT_VERSION = 5.0;
				TARGETED_DEVICE_FAMILY = "1,2";
			};
			name = Release;
		};
/* End XCBuildConfiguration section */

/* Begin XCConfigurationList section */
		008C51D22972F8F40046EF5B /* Build configuration list for PBXProject "GymRecords" */ = {
			isa = XCConfigurationList;
			buildConfigurations = (
				008C51E32972F8F50046EF5B /* Debug */,
				008C51E42972F8F50046EF5B /* Release */,
			);
			defaultConfigurationIsVisible = 0;
			defaultConfigurationName = Release;
		};
		008C51E52972F8F50046EF5B /* Build configuration list for PBXNativeTarget "GymRecords" */ = {
			isa = XCConfigurationList;
			buildConfigurations = (
				008C51E62972F8F50046EF5B /* Debug */,
				008C51E72972F8F50046EF5B /* Release */,
			);
			defaultConfigurationIsVisible = 0;
			defaultConfigurationName = Release;
		};
/* End XCConfigurationList section */
	};
	rootObject = 008C51CF2972F8F40046EF5B /* Project object */;
}
