// !$*UTF8*$!
{
	archiveVersion = 1;
	classes = {
	};
	objectVersion = 56;
	objects = {

/* Begin PBXBuildFile section */
		008C51DB2972F8F50046EF5B /* GymRecordsApp.swift in Sources */ = {isa = PBXBuildFile; fileRef = 008C51DA2972F8F50046EF5B /* GymRecordsApp.swift */; };
		008C51DD2972F8F50046EF5B /* ContentView.swift in Sources */ = {isa = PBXBuildFile; fileRef = 008C51DC2972F8F50046EF5B /* ContentView.swift */; };
		008C51DF2972F8F50046EF5B /* Assets.xcassets in Resources */ = {isa = PBXBuildFile; fileRef = 008C51DE2972F8F50046EF5B /* Assets.xcassets */; };
		008C51E22972F8F50046EF5B /* Preview Assets.xcassets in Resources */ = {isa = PBXBuildFile; fileRef = 008C51E12972F8F50046EF5B /* Preview Assets.xcassets */; };
		008C51E92972FB500046EF5B /* GymModel.swift in Sources */ = {isa = PBXBuildFile; fileRef = 008C51E82972FB500046EF5B /* GymModel.swift */; };
		008C51EE297304540046EF5B /* GymViewModel.swift in Sources */ = {isa = PBXBuildFile; fileRef = 008C51ED297304540046EF5B /* GymViewModel.swift */; };
		008C51F0297305660046EF5B /* GymDynamic.swift in Sources */ = {isa = PBXBuildFile; fileRef = 008C51EF297305660046EF5B /* GymDynamic.swift */; };
		008C51F3297AFA620046EF5B /* GymCalendarView.swift in Sources */ = {isa = PBXBuildFile; fileRef = 008C51F2297AFA620046EF5B /* GymCalendarView.swift */; };
		008C51F5297AFDFC0046EF5B /* ProgrammEventStore.swift in Sources */ = {isa = PBXBuildFile; fileRef = 008C51F4297AFDFC0046EF5B /* ProgrammEventStore.swift */; };
		008C51F9297AFF450046EF5B /* Event.swift in Sources */ = {isa = PBXBuildFile; fileRef = 008C51F8297AFF450046EF5B /* Event.swift */; };
		3A9E9A4229852F8200DAA547 /* AddProgrammView.swift in Sources */ = {isa = PBXBuildFile; fileRef = 3A9E9A4129852F8200DAA547 /* AddProgrammView.swift */; };
		3A9E9A4429897C7B00DAA547 /* ViewExerciseList.swift in Sources */ = {isa = PBXBuildFile; fileRef = 3A9E9A4329897C7B00DAA547 /* ViewExerciseList.swift */; };
		3A9E9A4629897E0100DAA547 /* ViewProgrammsList.swift in Sources */ = {isa = PBXBuildFile; fileRef = 3A9E9A4529897E0100DAA547 /* ViewProgrammsList.swift */; };
		3A9E9A48298A770600DAA547 /* ViewListSpecificExercises.swift in Sources */ = {isa = PBXBuildFile; fileRef = 3A9E9A47298A770600DAA547 /* ViewListSpecificExercises.swift */; };
		3A9E9A4E29951AF400DAA547 /* DataBaseView.swift in Sources */ = {isa = PBXBuildFile; fileRef = 3A9E9A4D29951AF400DAA547 /* DataBaseView.swift */; };
		3A9E9A5029951BF700DAA547 /* ExercisesAndProgrammsListView.swift in Sources */ = {isa = PBXBuildFile; fileRef = 3A9E9A4F29951BF700DAA547 /* ExercisesAndProgrammsListView.swift */; };
		3A9E9A5229952C9C00DAA547 /* DataBaseInfoTitle.swift in Sources */ = {isa = PBXBuildFile; fileRef = 3A9E9A5129952C9C00DAA547 /* DataBaseInfoTitle.swift */; };
		3A9E9A542995340300DAA547 /* ChangeExerciseNameOrDeleteView.swift in Sources */ = {isa = PBXBuildFile; fileRef = 3A9E9A532995340300DAA547 /* ChangeExerciseNameOrDeleteView.swift */; };
		3A9E9A5629964BD500DAA547 /* EditOrRemoveTheProgramm.swift in Sources */ = {isa = PBXBuildFile; fileRef = 3A9E9A5529964BD500DAA547 /* EditOrRemoveTheProgramm.swift */; };
		3A9E9A5829964F3000DAA547 /* ProgrammItemListView.swift in Sources */ = {isa = PBXBuildFile; fileRef = 3A9E9A5729964F3000DAA547 /* ProgrammItemListView.swift */; };
/* End PBXBuildFile section */

/* Begin PBXFileReference section */
		008C51D72972F8F50046EF5B /* GymRecords.app */ = {isa = PBXFileReference; explicitFileType = wrapper.application; includeInIndex = 0; path = GymRecords.app; sourceTree = BUILT_PRODUCTS_DIR; };
		008C51DA2972F8F50046EF5B /* GymRecordsApp.swift */ = {isa = PBXFileReference; lastKnownFileType = sourcecode.swift; path = GymRecordsApp.swift; sourceTree = "<group>"; };
		008C51DC2972F8F50046EF5B /* ContentView.swift */ = {isa = PBXFileReference; lastKnownFileType = sourcecode.swift; path = ContentView.swift; sourceTree = "<group>"; };
		008C51DE2972F8F50046EF5B /* Assets.xcassets */ = {isa = PBXFileReference; lastKnownFileType = folder.assetcatalog; path = Assets.xcassets; sourceTree = "<group>"; };
		008C51E12972F8F50046EF5B /* Preview Assets.xcassets */ = {isa = PBXFileReference; lastKnownFileType = folder.assetcatalog; path = "Preview Assets.xcassets"; sourceTree = "<group>"; };
		008C51E82972FB500046EF5B /* GymModel.swift */ = {isa = PBXFileReference; lastKnownFileType = sourcecode.swift; path = GymModel.swift; sourceTree = "<group>"; };
		008C51ED297304540046EF5B /* GymViewModel.swift */ = {isa = PBXFileReference; lastKnownFileType = sourcecode.swift; path = GymViewModel.swift; sourceTree = "<group>"; };
		008C51EF297305660046EF5B /* GymDynamic.swift */ = {isa = PBXFileReference; lastKnownFileType = sourcecode.swift; path = GymDynamic.swift; sourceTree = "<group>"; };
		008C51F2297AFA620046EF5B /* GymCalendarView.swift */ = {isa = PBXFileReference; lastKnownFileType = sourcecode.swift; path = GymCalendarView.swift; sourceTree = "<group>"; };
		008C51F4297AFDFC0046EF5B /* ProgrammEventStore.swift */ = {isa = PBXFileReference; lastKnownFileType = sourcecode.swift; path = ProgrammEventStore.swift; sourceTree = "<group>"; };
		008C51F8297AFF450046EF5B /* Event.swift */ = {isa = PBXFileReference; lastKnownFileType = sourcecode.swift; path = Event.swift; sourceTree = "<group>"; };
		3A9E9A4029845EDC00DAA547 /* Info.plist */ = {isa = PBXFileReference; lastKnownFileType = text.plist; path = Info.plist; sourceTree = "<group>"; };
		3A9E9A4129852F8200DAA547 /* AddProgrammView.swift */ = {isa = PBXFileReference; lastKnownFileType = sourcecode.swift; path = AddProgrammView.swift; sourceTree = "<group>"; };
		3A9E9A4329897C7B00DAA547 /* ViewExerciseList.swift */ = {isa = PBXFileReference; lastKnownFileType = sourcecode.swift; path = ViewExerciseList.swift; sourceTree = "<group>"; };
		3A9E9A4529897E0100DAA547 /* ViewProgrammsList.swift */ = {isa = PBXFileReference; lastKnownFileType = sourcecode.swift; path = ViewProgrammsList.swift; sourceTree = "<group>"; };
		3A9E9A47298A770600DAA547 /* ViewListSpecificExercises.swift */ = {isa = PBXFileReference; lastKnownFileType = sourcecode.swift; path = ViewListSpecificExercises.swift; sourceTree = "<group>"; };
		3A9E9A4D29951AF400DAA547 /* DataBaseView.swift */ = {isa = PBXFileReference; lastKnownFileType = sourcecode.swift; path = DataBaseView.swift; sourceTree = "<group>"; };
		3A9E9A4F29951BF700DAA547 /* ExercisesAndProgrammsListView.swift */ = {isa = PBXFileReference; lastKnownFileType = sourcecode.swift; path = ExercisesAndProgrammsListView.swift; sourceTree = "<group>"; };
		3A9E9A5129952C9C00DAA547 /* DataBaseInfoTitle.swift */ = {isa = PBXFileReference; lastKnownFileType = sourcecode.swift; path = DataBaseInfoTitle.swift; sourceTree = "<group>"; };
		3A9E9A532995340300DAA547 /* ChangeExerciseNameOrDeleteView.swift */ = {isa = PBXFileReference; lastKnownFileType = sourcecode.swift; path = ChangeExerciseNameOrDeleteView.swift; sourceTree = "<group>"; };
		3A9E9A5529964BD500DAA547 /* EditOrRemoveTheProgramm.swift */ = {isa = PBXFileReference; lastKnownFileType = sourcecode.swift; path = EditOrRemoveTheProgramm.swift; sourceTree = "<group>"; };
		3A9E9A5729964F3000DAA547 /* ProgrammItemListView.swift */ = {isa = PBXFileReference; lastKnownFileType = sourcecode.swift; path = ProgrammItemListView.swift; sourceTree = "<group>"; };
/* End PBXFileReference section */

/* Begin PBXFrameworksBuildPhase section */
		008C51D42972F8F50046EF5B /* Frameworks */ = {
			isa = PBXFrameworksBuildPhase;
			buildActionMask = 2147483647;
			files = (
			);
			runOnlyForDeploymentPostprocessing = 0;
		};
/* End PBXFrameworksBuildPhase section */

/* Begin PBXGroup section */
		008C51CE2972F8F40046EF5B = {
			isa = PBXGroup;
			children = (
				008C51D92972F8F50046EF5B /* GymRecords */,
				008C51D82972F8F50046EF5B /* Products */,
			);
			sourceTree = "<group>";
		};
		008C51D82972F8F50046EF5B /* Products */ = {
			isa = PBXGroup;
			children = (
				008C51D72972F8F50046EF5B /* GymRecords.app */,
			);
			name = Products;
			sourceTree = "<group>";
		};
		008C51D92972F8F50046EF5B /* GymRecords */ = {
			isa = PBXGroup;
			children = (
				3A9E9A4029845EDC00DAA547 /* Info.plist */,
				008C51EC2972FE4C0046EF5B /* ViewModels */,
				008C51EB2972FE430046EF5B /* Views */,
				008C51EA2972FE1B0046EF5B /* Models */,
				008C51DA2972F8F50046EF5B /* GymRecordsApp.swift */,
				008C51DE2972F8F50046EF5B /* Assets.xcassets */,
				008C51E02972F8F50046EF5B /* Preview Content */,
			);
			path = GymRecords;
			sourceTree = "<group>";
		};
		008C51E02972F8F50046EF5B /* Preview Content */ = {
			isa = PBXGroup;
			children = (
				008C51E12972F8F50046EF5B /* Preview Assets.xcassets */,
			);
			path = "Preview Content";
			sourceTree = "<group>";
		};
		008C51EA2972FE1B0046EF5B /* Models */ = {
			isa = PBXGroup;
			children = (
				008C51E82972FB500046EF5B /* GymModel.swift */,
				008C51F4297AFDFC0046EF5B /* ProgrammEventStore.swift */,
				008C51F8297AFF450046EF5B /* Event.swift */,
			);
			path = Models;
			sourceTree = "<group>";
		};
		008C51EB2972FE430046EF5B /* Views */ = {
			isa = PBXGroup;
			children = (
				008C51DC2972F8F50046EF5B /* ContentView.swift */,
				3A9E9A4129852F8200DAA547 /* AddProgrammView.swift */,
				3A9E9A4D29951AF400DAA547 /* DataBaseView.swift */,
				3A9E9A4F29951BF700DAA547 /* ExercisesAndProgrammsListView.swift */,
				3A9E9A4329897C7B00DAA547 /* ViewExerciseList.swift */,
				3A9E9A4529897E0100DAA547 /* ViewProgrammsList.swift */,
				3A9E9A5729964F3000DAA547 /* ProgrammItemListView.swift */,
				3A9E9A5529964BD500DAA547 /* EditOrRemoveTheProgramm.swift */,
				3A9E9A47298A770600DAA547 /* ViewListSpecificExercises.swift */,
				3A9E9A532995340300DAA547 /* ChangeExerciseNameOrDeleteView.swift */,
				008C51F2297AFA620046EF5B /* GymCalendarView.swift */,
				3A9E9A5129952C9C00DAA547 /* DataBaseInfoTitle.swift */,
			);
			path = Views;
			sourceTree = "<group>";
		};
		008C51EC2972FE4C0046EF5B /* ViewModels */ = {
			isa = PBXGroup;
			children = (
				008C51F12973063A0046EF5B /* Bindings */,
				008C51ED297304540046EF5B /* GymViewModel.swift */,
			);
			path = ViewModels;
			sourceTree = "<group>";
		};
		008C51F12973063A0046EF5B /* Bindings */ = {
			isa = PBXGroup;
			children = (
				008C51EF297305660046EF5B /* GymDynamic.swift */,
			);
			path = Bindings;
			sourceTree = "<group>";
		};
/* End PBXGroup section */

/* Begin PBXNativeTarget section */
		008C51D62972F8F50046EF5B /* GymRecords */ = {
			isa = PBXNativeTarget;
			buildConfigurationList = 008C51E52972F8F50046EF5B /* Build configuration list for PBXNativeTarget "GymRecords" */;
			buildPhases = (
				008C51D32972F8F50046EF5B /* Sources */,
				008C51D42972F8F50046EF5B /* Frameworks */,
				008C51D52972F8F50046EF5B /* Resources */,
			);
			buildRules = (
			);
			dependencies = (
			);
			name = GymRecords;
			productName = GymRecords;
			productReference = 008C51D72972F8F50046EF5B /* GymRecords.app */;
			productType = "com.apple.product-type.application";
		};
/* End PBXNativeTarget section */

/* Begin PBXProject section */
		008C51CF2972F8F40046EF5B /* Project object */ = {
			isa = PBXProject;
			attributes = {
				BuildIndependentTargetsInParallel = 1;
				LastSwiftUpdateCheck = 1420;
				LastUpgradeCheck = 1420;
				TargetAttributes = {
					008C51D62972F8F50046EF5B = {
						CreatedOnToolsVersion = 14.2;
					};
				};
			};
			buildConfigurationList = 008C51D22972F8F40046EF5B /* Build configuration list for PBXProject "GymRecords" */;
			compatibilityVersion = "Xcode 14.0";
			developmentRegion = en;
			hasScannedForEncodings = 0;
			knownRegions = (
				en,
				Base,
			);
			mainGroup = 008C51CE2972F8F40046EF5B;
			productRefGroup = 008C51D82972F8F50046EF5B /* Products */;
			projectDirPath = "";
			projectRoot = "";
			targets = (
				008C51D62972F8F50046EF5B /* GymRecords */,
			);
		};
/* End PBXProject section */

/* Begin PBXResourcesBuildPhase section */
		008C51D52972F8F50046EF5B /* Resources */ = {
			isa = PBXResourcesBuildPhase;
			buildActionMask = 2147483647;
			files = (
				008C51E22972F8F50046EF5B /* Preview Assets.xcassets in Resources */,
				008C51DF2972F8F50046EF5B /* Assets.xcassets in Resources */,
			);
			runOnlyForDeploymentPostprocessing = 0;
		};
/* End PBXResourcesBuildPhase section */

/* Begin PBXSourcesBuildPhase section */
		008C51D32972F8F50046EF5B /* Sources */ = {
			isa = PBXSourcesBuildPhase;
			buildActionMask = 2147483647;
			files = (
				3A9E9A4629897E0100DAA547 /* ViewProgrammsList.swift in Sources */,
				3A9E9A4429897C7B00DAA547 /* ViewExerciseList.swift in Sources */,
				008C51F9297AFF450046EF5B /* Event.swift in Sources */,
				008C51E92972FB500046EF5B /* GymModel.swift in Sources */,
				3A9E9A5229952C9C00DAA547 /* DataBaseInfoTitle.swift in Sources */,
				008C51F0297305660046EF5B /* GymDynamic.swift in Sources */,
				3A9E9A5829964F3000DAA547 /* ProgrammItemListView.swift in Sources */,
				3A9E9A5029951BF700DAA547 /* ExercisesAndProgrammsListView.swift in Sources */,
				3A9E9A4E29951AF400DAA547 /* DataBaseView.swift in Sources */,
				008C51F3297AFA620046EF5B /* GymCalendarView.swift in Sources */,
				3A9E9A4229852F8200DAA547 /* AddProgrammView.swift in Sources */,
				008C51DD2972F8F50046EF5B /* ContentView.swift in Sources */,
				008C51EE297304540046EF5B /* GymViewModel.swift in Sources */,
				3A9E9A5629964BD500DAA547 /* EditOrRemoveTheProgramm.swift in Sources */,
				008C51DB2972F8F50046EF5B /* GymRecordsApp.swift in Sources */,
				3A9E9A542995340300DAA547 /* ChangeExerciseNameOrDeleteView.swift in Sources */,
				3A9E9A48298A770600DAA547 /* ViewListSpecificExercises.swift in Sources */,
				008C51F5297AFDFC0046EF5B /* ProgrammEventStore.swift in Sources */,
			);
			runOnlyForDeploymentPostprocessing = 0;
		};
/* End PBXSourcesBuildPhase section */

/* Begin XCBuildConfiguration section */
		008C51E32972F8F50046EF5B /* Debug */ = {
			isa = XCBuildConfiguration;
			buildSettings = {
				ALWAYS_SEARCH_USER_PATHS = NO;
				CLANG_ANALYZER_NONNULL = YES;
				CLANG_ANALYZER_NUMBER_OBJECT_CONVERSION = YES_AGGRESSIVE;
				CLANG_CXX_LANGUAGE_STANDARD = "gnu++20";
				CLANG_ENABLE_MODULES = YES;
				CLANG_ENABLE_OBJC_ARC = YES;
				CLANG_ENABLE_OBJC_WEAK = YES;
				CLANG_WARN_BLOCK_CAPTURE_AUTORELEASING = YES;
				CLANG_WARN_BOOL_CONVERSION = YES;
				CLANG_WARN_COMMA = YES;
				CLANG_WARN_CONSTANT_CONVERSION = YES;
				CLANG_WARN_DEPRECATED_OBJC_IMPLEMENTATIONS = YES;
				CLANG_WARN_DIRECT_OBJC_ISA_USAGE = YES_ERROR;
				CLANG_WARN_DOCUMENTATION_COMMENTS = YES;
				CLANG_WARN_EMPTY_BODY = YES;
				CLANG_WARN_ENUM_CONVERSION = YES;
				CLANG_WARN_INFINITE_RECURSION = YES;
				CLANG_WARN_INT_CONVERSION = YES;
				CLANG_WARN_NON_LITERAL_NULL_CONVERSION = YES;
				CLANG_WARN_OBJC_IMPLICIT_RETAIN_SELF = YES;
				CLANG_WARN_OBJC_LITERAL_CONVERSION = YES;
				CLANG_WARN_OBJC_ROOT_CLASS = YES_ERROR;
				CLANG_WARN_QUOTED_INCLUDE_IN_FRAMEWORK_HEADER = YES;
				CLANG_WARN_RANGE_LOOP_ANALYSIS = YES;
				CLANG_WARN_STRICT_PROTOTYPES = YES;
				CLANG_WARN_SUSPICIOUS_MOVE = YES;
				CLANG_WARN_UNGUARDED_AVAILABILITY = YES_AGGRESSIVE;
				CLANG_WARN_UNREACHABLE_CODE = YES;
				CLANG_WARN__DUPLICATE_METHOD_MATCH = YES;
				COPY_PHASE_STRIP = NO;
				DEBUG_INFORMATION_FORMAT = dwarf;
				ENABLE_STRICT_OBJC_MSGSEND = YES;
				ENABLE_TESTABILITY = YES;
				GCC_C_LANGUAGE_STANDARD = gnu11;
				GCC_DYNAMIC_NO_PIC = NO;
				GCC_NO_COMMON_BLOCKS = YES;
				GCC_OPTIMIZATION_LEVEL = 0;
				GCC_PREPROCESSOR_DEFINITIONS = (
					"DEBUG=1",
					"$(inherited)",
				);
				GCC_WARN_64_TO_32_BIT_CONVERSION = YES;
				GCC_WARN_ABOUT_RETURN_TYPE = YES_ERROR;
				GCC_WARN_UNDECLARED_SELECTOR = YES;
				GCC_WARN_UNINITIALIZED_AUTOS = YES_AGGRESSIVE;
				GCC_WARN_UNUSED_FUNCTION = YES;
				GCC_WARN_UNUSED_VARIABLE = YES;
				IPHONEOS_DEPLOYMENT_TARGET = 16.2;
				MTL_ENABLE_DEBUG_INFO = INCLUDE_SOURCE;
				MTL_FAST_MATH = YES;
				ONLY_ACTIVE_ARCH = YES;
				SDKROOT = iphoneos;
				SWIFT_ACTIVE_COMPILATION_CONDITIONS = DEBUG;
				SWIFT_OPTIMIZATION_LEVEL = "-Onone";
			};
			name = Debug;
		};
		008C51E42972F8F50046EF5B /* Release */ = {
			isa = XCBuildConfiguration;
			buildSettings = {
				ALWAYS_SEARCH_USER_PATHS = NO;
				CLANG_ANALYZER_NONNULL = YES;
				CLANG_ANALYZER_NUMBER_OBJECT_CONVERSION = YES_AGGRESSIVE;
				CLANG_CXX_LANGUAGE_STANDARD = "gnu++20";
				CLANG_ENABLE_MODULES = YES;
				CLANG_ENABLE_OBJC_ARC = YES;
				CLANG_ENABLE_OBJC_WEAK = YES;
				CLANG_WARN_BLOCK_CAPTURE_AUTORELEASING = YES;
				CLANG_WARN_BOOL_CONVERSION = YES;
				CLANG_WARN_COMMA = YES;
				CLANG_WARN_CONSTANT_CONVERSION = YES;
				CLANG_WARN_DEPRECATED_OBJC_IMPLEMENTATIONS = YES;
				CLANG_WARN_DIRECT_OBJC_ISA_USAGE = YES_ERROR;
				CLANG_WARN_DOCUMENTATION_COMMENTS = YES;
				CLANG_WARN_EMPTY_BODY = YES;
				CLANG_WARN_ENUM_CONVERSION = YES;
				CLANG_WARN_INFINITE_RECURSION = YES;
				CLANG_WARN_INT_CONVERSION = YES;
				CLANG_WARN_NON_LITERAL_NULL_CONVERSION = YES;
				CLANG_WARN_OBJC_IMPLICIT_RETAIN_SELF = YES;
				CLANG_WARN_OBJC_LITERAL_CONVERSION = YES;
				CLANG_WARN_OBJC_ROOT_CLASS = YES_ERROR;
				CLANG_WARN_QUOTED_INCLUDE_IN_FRAMEWORK_HEADER = YES;
				CLANG_WARN_RANGE_LOOP_ANALYSIS = YES;
				CLANG_WARN_STRICT_PROTOTYPES = YES;
				CLANG_WARN_SUSPICIOUS_MOVE = YES;
				CLANG_WARN_UNGUARDED_AVAILABILITY = YES_AGGRESSIVE;
				CLANG_WARN_UNREACHABLE_CODE = YES;
				CLANG_WARN__DUPLICATE_METHOD_MATCH = YES;
				COPY_PHASE_STRIP = NO;
				DEBUG_INFORMATION_FORMAT = "dwarf-with-dsym";
				ENABLE_NS_ASSERTIONS = NO;
				ENABLE_STRICT_OBJC_MSGSEND = YES;
				GCC_C_LANGUAGE_STANDARD = gnu11;
				GCC_NO_COMMON_BLOCKS = YES;
				GCC_WARN_64_TO_32_BIT_CONVERSION = YES;
				GCC_WARN_ABOUT_RETURN_TYPE = YES_ERROR;
				GCC_WARN_UNDECLARED_SELECTOR = YES;
				GCC_WARN_UNINITIALIZED_AUTOS = YES_AGGRESSIVE;
				GCC_WARN_UNUSED_FUNCTION = YES;
				GCC_WARN_UNUSED_VARIABLE = YES;
				IPHONEOS_DEPLOYMENT_TARGET = 16.2;
				MTL_ENABLE_DEBUG_INFO = NO;
				MTL_FAST_MATH = YES;
				SDKROOT = iphoneos;
				SWIFT_COMPILATION_MODE = wholemodule;
				SWIFT_OPTIMIZATION_LEVEL = "-O";
				VALIDATE_PRODUCT = YES;
			};
			name = Release;
		};
		008C51E62972F8F50046EF5B /* Debug */ = {
			isa = XCBuildConfiguration;
			buildSettings = {
				ASSETCATALOG_COMPILER_APPICON_NAME = AppIcon;
				ASSETCATALOG_COMPILER_GLOBAL_ACCENT_COLOR_NAME = AccentColor;
				CODE_SIGN_STYLE = Automatic;
				CURRENT_PROJECT_VERSION = 1;
				DEVELOPMENT_ASSET_PATHS = "\"GymRecords/Preview Content\"";
				DEVELOPMENT_TEAM = SDMT9LXGTV;
				ENABLE_PREVIEWS = YES;
				GENERATE_INFOPLIST_FILE = YES;
				INFOPLIST_FILE = GymRecords/Info.plist;
				INFOPLIST_KEY_LSApplicationCategoryType = "";
				INFOPLIST_KEY_UIApplicationSupportsIndirectInputEvents = YES;
				INFOPLIST_KEY_UILaunchScreen_Generation = YES;
				INFOPLIST_KEY_UISupportedInterfaceOrientations_iPad = "UIInterfaceOrientationPortrait UIInterfaceOrientationPortraitUpsideDown UIInterfaceOrientationLandscapeLeft UIInterfaceOrientationLandscapeRight";
				INFOPLIST_KEY_UISupportedInterfaceOrientations_iPhone = "UIInterfaceOrientationPortrait UIInterfaceOrientationLandscapeLeft UIInterfaceOrientationLandscapeRight";
				LD_RUNPATH_SEARCH_PATHS = (
					"$(inherited)",
					"@executable_path/Frameworks",
				);
				MARKETING_VERSION = 1.0;
				PRODUCT_BUNDLE_IDENTIFIER = "dazzle.marks-gmail.com.GymRecords";
				PRODUCT_NAME = "$(TARGET_NAME)";
				SWIFT_EMIT_LOC_STRINGS = YES;
				SWIFT_VERSION = 5.0;
				TARGETED_DEVICE_FAMILY = "1,2";
			};
			name = Debug;
		};
		008C51E72972F8F50046EF5B /* Release */ = {
			isa = XCBuildConfiguration;
			buildSettings = {
				ASSETCATALOG_COMPILER_APPICON_NAME = AppIcon;
				ASSETCATALOG_COMPILER_GLOBAL_ACCENT_COLOR_NAME = AccentColor;
				CODE_SIGN_STYLE = Automatic;
				CURRENT_PROJECT_VERSION = 1;
				DEVELOPMENT_ASSET_PATHS = "\"GymRecords/Preview Content\"";
				DEVELOPMENT_TEAM = SDMT9LXGTV;
				ENABLE_PREVIEWS = YES;
				GENERATE_INFOPLIST_FILE = YES;
				INFOPLIST_FILE = GymRecords/Info.plist;
				INFOPLIST_KEY_LSApplicationCategoryType = "";
				INFOPLIST_KEY_UIApplicationSupportsIndirectInputEvents = YES;
				INFOPLIST_KEY_UILaunchScreen_Generation = YES;
				INFOPLIST_KEY_UISupportedInterfaceOrientations_iPad = "UIInterfaceOrientationPortrait UIInterfaceOrientationPortraitUpsideDown UIInterfaceOrientationLandscapeLeft UIInterfaceOrientationLandscapeRight";
				INFOPLIST_KEY_UISupportedInterfaceOrientations_iPhone = "UIInterfaceOrientationPortrait UIInterfaceOrientationLandscapeLeft UIInterfaceOrientationLandscapeRight";
				LD_RUNPATH_SEARCH_PATHS = (
					"$(inherited)",
					"@executable_path/Frameworks",
				);
				MARKETING_VERSION = 1.0;
				PRODUCT_BUNDLE_IDENTIFIER = "dazzle.marks-gmail.com.GymRecords";
				PRODUCT_NAME = "$(TARGET_NAME)";
				SWIFT_EMIT_LOC_STRINGS = YES;
				SWIFT_VERSION = 5.0;
				TARGETED_DEVICE_FAMILY = "1,2";
			};
			name = Release;
		};
/* End XCBuildConfiguration section */

/* Begin XCConfigurationList section */
		008C51D22972F8F40046EF5B /* Build configuration list for PBXProject "GymRecords" */ = {
			isa = XCConfigurationList;
			buildConfigurations = (
				008C51E32972F8F50046EF5B /* Debug */,
				008C51E42972F8F50046EF5B /* Release */,
			);
			defaultConfigurationIsVisible = 0;
			defaultConfigurationName = Release;
		};
		008C51E52972F8F50046EF5B /* Build configuration list for PBXNativeTarget "GymRecords" */ = {
			isa = XCConfigurationList;
			buildConfigurations = (
				008C51E62972F8F50046EF5B /* Debug */,
				008C51E72972F8F50046EF5B /* Release */,
			);
			defaultConfigurationIsVisible = 0;
			defaultConfigurationName = Release;
		};
/* End XCConfigurationList section */
	};
	rootObject = 008C51CF2972F8F40046EF5B /* Project object */;
}
